
Microsoft Visual Studio Solution File, Format Version 12.00
# Visual Studio 2017
Project("{FAE04EC0-301F-11D3-BF4B-00C04F79EFBC}") = "native-ruins", "native-ruins.csproj", "{741B5260-0294-965C-C335-856A0D98BC04}"
EndProject
Project("{FAE04EC0-301F-11D3-BF4B-00C04F79EFBC}") = "native-ruins.Editor", "native-ruins.Editor.csproj", "{2B65B56C-DC2E-C99C-EDBB-BF3841B4B93F}"
EndProject
Global
	GlobalSection(SolutionConfigurationPlatforms) = preSolution
		Debug|Any CPU = Debug|Any CPU
		Release|Any CPU = Release|Any CPU
	EndGlobalSection
	GlobalSection(ProjectConfigurationPlatforms) = postSolution
		{741B5260-0294-965C-C335-856A0D98BC04}.Debug|Any CPU.ActiveCfg = Debug|Any CPU
		{741B5260-0294-965C-C335-856A0D98BC04}.Debug|Any CPU.Build.0 = Debug|Any CPU
		{741B5260-0294-965C-C335-856A0D98BC04}.Release|Any CPU.ActiveCfg = Release|Any CPU
		{741B5260-0294-965C-C335-856A0D98BC04}.Release|Any CPU.Build.0 = Release|Any CPU
		{2B65B56C-DC2E-C99C-EDBB-BF3841B4B93F}.Debug|Any CPU.ActiveCfg = Debug|Any CPU
		{2B65B56C-DC2E-C99C-EDBB-BF3841B4B93F}.Debug|Any CPU.Build.0 = Debug|Any CPU
		{2B65B56C-DC2E-C99C-EDBB-BF3841B4B93F}.Release|Any CPU.ActiveCfg = Release|Any CPU
		{2B65B56C-DC2E-C99C-EDBB-BF3841B4B93F}.Release|Any CPU.Build.0 = Release|Any CPU
	EndGlobalSection
	GlobalSection(SolutionProperties) = preSolution
		HideSolutionNode = FALSE
	EndGlobalSection
EndGlobal
